
Microsoft Visual Studio Solution File, Format Version 12.00
# Visual Studio 15
VisualStudioVersion = 15.0.28307.1831
MinimumVisualStudioVersion = 10.0.40219.1
Project("{FAE04EC0-301F-11D3-BF4B-00C04F79EFBC}") = "IMDB_Final", "IMDB_Final\IMDB_Final.csproj", "{1C6CBC95-3134-43E1-AAA0-E379E2BB4B25}"
EndProject
Global
	GlobalSection(SolutionConfigurationPlatforms) = preSolution
		Debug|Any CPU = Debug|Any CPU
		Release|Any CPU = Release|Any CPU
	EndGlobalSection
	GlobalSection(ProjectConfigurationPlatforms) = postSolution
		{1C6CBC95-3134-43E1-AAA0-E379E2BB4B25}.Debug|Any CPU.ActiveCfg = Debug|Any CPU
		{1C6CBC95-3134-43E1-AAA0-E379E2BB4B25}.Debug|Any CPU.Build.0 = Debug|Any CPU
		{1C6CBC95-3134-43E1-AAA0-E379E2BB4B25}.Release|Any CPU.ActiveCfg = Release|Any CPU
		{1C6CBC95-3134-43E1-AAA0-E379E2BB4B25}.Release|Any CPU.Build.0 = Release|Any CPU
	EndGlobalSection
	GlobalSection(SolutionProperties) = preSolution
		HideSolutionNode = FALSE
	EndGlobalSection
	GlobalSection(ExtensibilityGlobals) = postSolution
		SolutionGuid = {84140A53-9767-4222-87F1-76F0AFC1C9B6}
	EndGlobalSection
EndGlobal
